
Microsoft Visual Studio Solution File, Format Version 12.00
# Visual Studio 14
VisualStudioVersion = 14.0.23107.0
MinimumVisualStudioVersion = 10.0.40219.1
Project("{FAE04EC0-301F-11D3-BF4B-00C04F79EFBC}") = "MyLED", "..\MyLED\MyLED.csproj", "{C2B408E3-5DE1-4CFB-ADF4-3E00F4A27048}"
EndProject
Project("{FAE04EC0-301F-11D3-BF4B-00C04F79EFBC}") = "Simon", "..\Simon\Simon.csproj", "{93F250F2-D7E0-48F6-A6CF-6C5378FE015F}"
EndProject
Global
	GlobalSection(SolutionConfigurationPlatforms) = preSolution
		Debug|Any CPU = Debug|Any CPU
		Release|Any CPU = Release|Any CPU
	EndGlobalSection
	GlobalSection(ProjectConfigurationPlatforms) = postSolution
		{C2B408E3-5DE1-4CFB-ADF4-3E00F4A27048}.Debug|Any CPU.ActiveCfg = Debug|Any CPU
		{C2B408E3-5DE1-4CFB-ADF4-3E00F4A27048}.Debug|Any CPU.Build.0 = Debug|Any CPU
		{C2B408E3-5DE1-4CFB-ADF4-3E00F4A27048}.Release|Any CPU.ActiveCfg = Release|Any CPU
		{C2B408E3-5DE1-4CFB-ADF4-3E00F4A27048}.Release|Any CPU.Build.0 = Release|Any CPU
		{93F250F2-D7E0-48F6-A6CF-6C5378FE015F}.Debug|Any CPU.ActiveCfg = Debug|Any CPU
		{93F250F2-D7E0-48F6-A6CF-6C5378FE015F}.Debug|Any CPU.Build.0 = Debug|Any CPU
		{93F250F2-D7E0-48F6-A6CF-6C5378FE015F}.Release|Any CPU.ActiveCfg = Release|Any CPU
		{93F250F2-D7E0-48F6-A6CF-6C5378FE015F}.Release|Any CPU.Build.0 = Release|Any CPU
	EndGlobalSection
	GlobalSection(SolutionProperties) = preSolution
		HideSolutionNode = FALSE
	EndGlobalSection
EndGlobal
