
Microsoft Visual Studio Solution File, Format Version 12.00
# Visual Studio 14
VisualStudioVersion = 14.0.23107.0
MinimumVisualStudioVersion = 10.0.40219.1
Project("{FAE04EC0-301F-11D3-BF4B-00C04F79EFBC}") = "ModbusTcp", "ModbusTcp.csproj", "{40670125-8D3C-4EF9-9602-0AEC7D20CAAC}"
EndProject
Project("{FAE04EC0-301F-11D3-BF4B-00C04F79EFBC}") = "TCPClient", "TCPClient\TCPClient.csproj", "{CE7A4454-282F-4675-91BC-3EF25A1AB5A1}"
EndProject
Project("{FAE04EC0-301F-11D3-BF4B-00C04F79EFBC}") = "TCPServer", "TCPServer\TCPServer.csproj", "{57546521-D9FB-4A02-8BA3-9A60811394BD}"
EndProject
Project("{FAE04EC0-301F-11D3-BF4B-00C04F79EFBC}") = "TCPTest", "TCPTest\TCPTest.csproj", "{BE71445F-DFD1-42AD-96B5-79003BAF23D5}"
EndProject
Global
	GlobalSection(SolutionConfigurationPlatforms) = preSolution
		Debug|Any CPU = Debug|Any CPU
		Release|Any CPU = Release|Any CPU
	EndGlobalSection
	GlobalSection(ProjectConfigurationPlatforms) = postSolution
		{40670125-8D3C-4EF9-9602-0AEC7D20CAAC}.Debug|Any CPU.ActiveCfg = Debug|Any CPU
		{40670125-8D3C-4EF9-9602-0AEC7D20CAAC}.Debug|Any CPU.Build.0 = Debug|Any CPU
		{40670125-8D3C-4EF9-9602-0AEC7D20CAAC}.Release|Any CPU.ActiveCfg = Release|Any CPU
		{40670125-8D3C-4EF9-9602-0AEC7D20CAAC}.Release|Any CPU.Build.0 = Release|Any CPU
		{CE7A4454-282F-4675-91BC-3EF25A1AB5A1}.Debug|Any CPU.ActiveCfg = Debug|Any CPU
		{CE7A4454-282F-4675-91BC-3EF25A1AB5A1}.Debug|Any CPU.Build.0 = Debug|Any CPU
		{CE7A4454-282F-4675-91BC-3EF25A1AB5A1}.Release|Any CPU.ActiveCfg = Release|Any CPU
		{CE7A4454-282F-4675-91BC-3EF25A1AB5A1}.Release|Any CPU.Build.0 = Release|Any CPU
		{57546521-D9FB-4A02-8BA3-9A60811394BD}.Debug|Any CPU.ActiveCfg = Debug|Any CPU
		{57546521-D9FB-4A02-8BA3-9A60811394BD}.Debug|Any CPU.Build.0 = Debug|Any CPU
		{57546521-D9FB-4A02-8BA3-9A60811394BD}.Release|Any CPU.ActiveCfg = Release|Any CPU
		{57546521-D9FB-4A02-8BA3-9A60811394BD}.Release|Any CPU.Build.0 = Release|Any CPU
		{BE71445F-DFD1-42AD-96B5-79003BAF23D5}.Debug|Any CPU.ActiveCfg = Debug|Any CPU
		{BE71445F-DFD1-42AD-96B5-79003BAF23D5}.Debug|Any CPU.Build.0 = Debug|Any CPU
		{BE71445F-DFD1-42AD-96B5-79003BAF23D5}.Release|Any CPU.ActiveCfg = Release|Any CPU
		{BE71445F-DFD1-42AD-96B5-79003BAF23D5}.Release|Any CPU.Build.0 = Release|Any CPU
	EndGlobalSection
	GlobalSection(SolutionProperties) = preSolution
		HideSolutionNode = FALSE
	EndGlobalSection
EndGlobal
